
Microsoft Visual Studio Solution File, Format Version 12.00
# Visual Studio Version 16
VisualStudioVersion = 16.0.30523.141
MinimumVisualStudioVersion = 10.0.40219.1
Project("{9A19103F-16F7-4668-BE54-9A1E7A4F7556}") = "SiiRk", "SiiRk\SiiRk.csproj", "{4B8A59B1-6334-44AC-AEAF-39F1556E5863}"
EndProject
Global
	GlobalSection(SolutionConfigurationPlatforms) = preSolution
		Debug|Any CPU = Debug|Any CPU
		Release|Any CPU = Release|Any CPU
	EndGlobalSection
	GlobalSection(ProjectConfigurationPlatforms) = postSolution
		{4B8A59B1-6334-44AC-AEAF-39F1556E5863}.Debug|Any CPU.ActiveCfg = Debug|Any CPU
		{4B8A59B1-6334-44AC-AEAF-39F1556E5863}.Debug|Any CPU.Build.0 = Debug|Any CPU
		{4B8A59B1-6334-44AC-AEAF-39F1556E5863}.Release|Any CPU.ActiveCfg = Release|Any CPU
		{4B8A59B1-6334-44AC-AEAF-39F1556E5863}.Release|Any CPU.Build.0 = Release|Any CPU
	EndGlobalSection
	GlobalSection(SolutionProperties) = preSolution
		HideSolutionNode = FALSE
	EndGlobalSection
	GlobalSection(ExtensibilityGlobals) = postSolution
		SolutionGuid = {9CF19A51-8191-4F22-BD8C-4D75FE5543A8}
	EndGlobalSection
EndGlobal
